
Microsoft Visual Studio Solution File, Format Version 12.00
# Visual Studio Version 17
VisualStudioVersion = 17.7.34031.279
MinimumVisualStudioVersion = 10.0.40219.1
Project("{FAE04EC0-301F-11D3-BF4B-00C04F79EFBC}") = "SimpleVideoGameLibrary.Server", "SimpleVideoGameLibrary\Server\SimpleVideoGameLibrary.Server.csproj", "{284C757E-AF48-4641-B945-52F9AF11138F}"
EndProject
Project("{FAE04EC0-301F-11D3-BF4B-00C04F79EFBC}") = "SimpleVideoGameLibrary.Client", "SimpleVideoGameLibrary\Client\SimpleVideoGameLibrary.Client.csproj", "{0897A4D3-8CF5-4659-A813-D741849C0D57}"
EndProject
Project("{FAE04EC0-301F-11D3-BF4B-00C04F79EFBC}") = "SimpleVideoGameLibrary.Shared", "SimpleVideoGameLibrary\Shared\SimpleVideoGameLibrary.Shared.csproj", "{4F0BD22C-9E77-4044-B33D-463DCC1F7585}"
EndProject
Global
	GlobalSection(SolutionConfigurationPlatforms) = preSolution
		Debug|Any CPU = Debug|Any CPU
		Release|Any CPU = Release|Any CPU
	EndGlobalSection
	GlobalSection(ProjectConfigurationPlatforms) = postSolution
		{284C757E-AF48-4641-B945-52F9AF11138F}.Debug|Any CPU.ActiveCfg = Debug|Any CPU
		{284C757E-AF48-4641-B945-52F9AF11138F}.Debug|Any CPU.Build.0 = Debug|Any CPU
		{284C757E-AF48-4641-B945-52F9AF11138F}.Release|Any CPU.ActiveCfg = Release|Any CPU
		{284C757E-AF48-4641-B945-52F9AF11138F}.Release|Any CPU.Build.0 = Release|Any CPU
		{0897A4D3-8CF5-4659-A813-D741849C0D57}.Debug|Any CPU.ActiveCfg = Debug|Any CPU
		{0897A4D3-8CF5-4659-A813-D741849C0D57}.Debug|Any CPU.Build.0 = Debug|Any CPU
		{0897A4D3-8CF5-4659-A813-D741849C0D57}.Release|Any CPU.ActiveCfg = Release|Any CPU
		{0897A4D3-8CF5-4659-A813-D741849C0D57}.Release|Any CPU.Build.0 = Release|Any CPU
		{4F0BD22C-9E77-4044-B33D-463DCC1F7585}.Debug|Any CPU.ActiveCfg = Debug|Any CPU
		{4F0BD22C-9E77-4044-B33D-463DCC1F7585}.Debug|Any CPU.Build.0 = Debug|Any CPU
		{4F0BD22C-9E77-4044-B33D-463DCC1F7585}.Release|Any CPU.ActiveCfg = Release|Any CPU
		{4F0BD22C-9E77-4044-B33D-463DCC1F7585}.Release|Any CPU.Build.0 = Release|Any CPU
	EndGlobalSection
	GlobalSection(SolutionProperties) = preSolution
		HideSolutionNode = FALSE
	EndGlobalSection
	GlobalSection(ExtensibilityGlobals) = postSolution
		SolutionGuid = {6CEACA12-9F2D-402F-B9E1-91CBEA8CA892}
	EndGlobalSection
EndGlobal
